
Microsoft Visual Studio Solution File, Format Version 12.00
# Visual Studio Version 16
VisualStudioVersion = 16.0.30709.132
MinimumVisualStudioVersion = 10.0.40219.1
Project("{FAE04EC0-301F-11D3-BF4B-00C04F79EFBC}") = "职责链模式", "职责链模式.csproj", "{4B89BD5B-5299-4A6F-B3D6-EF3A24A197B9}"
EndProject
Global
	GlobalSection(SolutionConfigurationPlatforms) = preSolution
		Debug|Any CPU = Debug|Any CPU
		Release|Any CPU = Release|Any CPU
	EndGlobalSection
	GlobalSection(ProjectConfigurationPlatforms) = postSolution
		{4B89BD5B-5299-4A6F-B3D6-EF3A24A197B9}.Debug|Any CPU.ActiveCfg = Debug|Any CPU
		{4B89BD5B-5299-4A6F-B3D6-EF3A24A197B9}.Debug|Any CPU.Build.0 = Debug|Any CPU
		{4B89BD5B-5299-4A6F-B3D6-EF3A24A197B9}.Release|Any CPU.ActiveCfg = Release|Any CPU
		{4B89BD5B-5299-4A6F-B3D6-EF3A24A197B9}.Release|Any CPU.Build.0 = Release|Any CPU
	EndGlobalSection
	GlobalSection(SolutionProperties) = preSolution
		HideSolutionNode = FALSE
	EndGlobalSection
	GlobalSection(ExtensibilityGlobals) = postSolution
		SolutionGuid = {0F444FA7-C6A7-4EEF-A9C8-E202E1CA9C59}
	EndGlobalSection
EndGlobal
