
Microsoft Visual Studio Solution File, Format Version 12.00
# Visual Studio Version 16
VisualStudioVersion = 16.0.30709.132
MinimumVisualStudioVersion = 10.0.40219.1
Project("{FAE04EC0-301F-11D3-BF4B-00C04F79EFBC}") = "访问者模式", "访问者模式.csproj", "{65236AFE-5539-43FE-BD6F-44187421E18F}"
EndProject
Global
	GlobalSection(SolutionConfigurationPlatforms) = preSolution
		Debug|Any CPU = Debug|Any CPU
		Release|Any CPU = Release|Any CPU
	EndGlobalSection
	GlobalSection(ProjectConfigurationPlatforms) = postSolution
		{65236AFE-5539-43FE-BD6F-44187421E18F}.Debug|Any CPU.ActiveCfg = Debug|Any CPU
		{65236AFE-5539-43FE-BD6F-44187421E18F}.Debug|Any CPU.Build.0 = Debug|Any CPU
		{65236AFE-5539-43FE-BD6F-44187421E18F}.Release|Any CPU.ActiveCfg = Release|Any CPU
		{65236AFE-5539-43FE-BD6F-44187421E18F}.Release|Any CPU.Build.0 = Release|Any CPU
	EndGlobalSection
	GlobalSection(SolutionProperties) = preSolution
		HideSolutionNode = FALSE
	EndGlobalSection
	GlobalSection(ExtensibilityGlobals) = postSolution
		SolutionGuid = {DBAF175D-4F6F-4886-9A4E-E9E784584007}
	EndGlobalSection
EndGlobal
