
Microsoft Visual Studio Solution File, Format Version 12.00
# Visual Studio Version 16
VisualStudioVersion = 16.0.30709.132
MinimumVisualStudioVersion = 10.0.40219.1
Project("{FAE04EC0-301F-11D3-BF4B-00C04F79EFBC}") = "装饰模式", "装饰模式.csproj", "{214CC768-39A4-4831-9FC6-DDFE492CD05E}"
EndProject
Global
	GlobalSection(SolutionConfigurationPlatforms) = preSolution
		Debug|Any CPU = Debug|Any CPU
		Release|Any CPU = Release|Any CPU
	EndGlobalSection
	GlobalSection(ProjectConfigurationPlatforms) = postSolution
		{214CC768-39A4-4831-9FC6-DDFE492CD05E}.Debug|Any CPU.ActiveCfg = Debug|Any CPU
		{214CC768-39A4-4831-9FC6-DDFE492CD05E}.Debug|Any CPU.Build.0 = Debug|Any CPU
		{214CC768-39A4-4831-9FC6-DDFE492CD05E}.Release|Any CPU.ActiveCfg = Release|Any CPU
		{214CC768-39A4-4831-9FC6-DDFE492CD05E}.Release|Any CPU.Build.0 = Release|Any CPU
	EndGlobalSection
	GlobalSection(SolutionProperties) = preSolution
		HideSolutionNode = FALSE
	EndGlobalSection
	GlobalSection(ExtensibilityGlobals) = postSolution
		SolutionGuid = {876D93B0-D573-4B69-BBD0-6BF0E381AFF5}
	EndGlobalSection
EndGlobal
